
Microsoft Visual Studio Solution File, Format Version 12.00
# Visual Studio Version 17
VisualStudioVersion = 17.4.33122.133
MinimumVisualStudioVersion = 10.0.40219.1
Project("{2150E333-8FDC-42A3-9474-1A3956D46DE8}") = "Assignment2", "Assignment2", "{AE89EDCB-90DC-4093-ACF9-3C6D73C5ED06}"
EndProject
Project("{2150E333-8FDC-42A3-9474-1A3956D46DE8}") = "Assignment1", "Assignment1", "{E334B0AD-C78F-45E3-8A3B-DD430F8CCF52}"
EndProject
Project("{FAE04EC0-301F-11D3-BF4B-00C04F79EFBC}") = "BankingSystem", "BankingSystem\BankingSystem.csproj", "{12E7E76C-1E4D-4641-A56B-8DDEFEC92E4C}"
EndProject
Project("{FAE04EC0-301F-11D3-BF4B-00C04F79EFBC}") = "GenericOperationsUtility", "GenericOperationsUtility\GenericOperationsUtility.csproj", "{E0212242-7624-4A74-88DB-B4677668919F}"
EndProject
Global
	GlobalSection(SolutionConfigurationPlatforms) = preSolution
		Debug|Any CPU = Debug|Any CPU
		Release|Any CPU = Release|Any CPU
	EndGlobalSection
	GlobalSection(ProjectConfigurationPlatforms) = postSolution
		{12E7E76C-1E4D-4641-A56B-8DDEFEC92E4C}.Debug|Any CPU.ActiveCfg = Debug|Any CPU
		{12E7E76C-1E4D-4641-A56B-8DDEFEC92E4C}.Debug|Any CPU.Build.0 = Debug|Any CPU
		{12E7E76C-1E4D-4641-A56B-8DDEFEC92E4C}.Release|Any CPU.ActiveCfg = Release|Any CPU
		{12E7E76C-1E4D-4641-A56B-8DDEFEC92E4C}.Release|Any CPU.Build.0 = Release|Any CPU
		{E0212242-7624-4A74-88DB-B4677668919F}.Debug|Any CPU.ActiveCfg = Debug|Any CPU
		{E0212242-7624-4A74-88DB-B4677668919F}.Debug|Any CPU.Build.0 = Debug|Any CPU
		{E0212242-7624-4A74-88DB-B4677668919F}.Release|Any CPU.ActiveCfg = Release|Any CPU
		{E0212242-7624-4A74-88DB-B4677668919F}.Release|Any CPU.Build.0 = Release|Any CPU
	EndGlobalSection
	GlobalSection(SolutionProperties) = preSolution
		HideSolutionNode = FALSE
	EndGlobalSection
	GlobalSection(NestedProjects) = preSolution
		{12E7E76C-1E4D-4641-A56B-8DDEFEC92E4C} = {E334B0AD-C78F-45E3-8A3B-DD430F8CCF52}
		{E0212242-7624-4A74-88DB-B4677668919F} = {AE89EDCB-90DC-4093-ACF9-3C6D73C5ED06}
	EndGlobalSection
	GlobalSection(ExtensibilityGlobals) = postSolution
		SolutionGuid = {CFAC7832-C9FB-4043-9F86-88EA5169C1C4}
	EndGlobalSection
EndGlobal
