
Microsoft Visual Studio Solution File, Format Version 12.00
# Visual Studio Version 17
VisualStudioVersion = 17.4.33122.133
MinimumVisualStudioVersion = 10.0.40219.1
Project("{2150E333-8FDC-42A3-9474-1A3956D46DE8}") = "Assignment2", "Assignment2", "{AE89EDCB-90DC-4093-ACF9-3C6D73C5ED06}"
EndProject
Project("{2150E333-8FDC-42A3-9474-1A3956D46DE8}") = "Assignment1", "Assignment1", "{E334B0AD-C78F-45E3-8A3B-DD430F8CCF52}"
EndProject
Project("{9A19103F-16F7-4668-BE54-9A1E7A4F7556}") = "BankingSystem", "BankingSystem\BankingSystem.csproj", "{12E7E76C-1E4D-4641-A56B-8DDEFEC92E4C}"
EndProject
Project("{9A19103F-16F7-4668-BE54-9A1E7A4F7556}") = "GenericOperationsUtility", "GenericOperationsUtility\GenericOperationsUtility.csproj", "{E0212242-7624-4A74-88DB-B4677668919F}"
EndProject
Project("{2150E333-8FDC-42A3-9474-1A3956D46DE8}") = "OnlineShoppingSystem", "OnlineShoppingSystem", "{1AD3EE25-8E96-4DDC-94DD-CF8C9C9AE9C0}"
EndProject
Project("{2150E333-8FDC-42A3-9474-1A3956D46DE8}") = "Task1", "Task1", "{891AA5E8-5F0D-4262-9FB5-8190317F9E21}"
EndProject
Project("{9A19103F-16F7-4668-BE54-9A1E7A4F7556}") = "ShoppingCardDiscountCalculator", "DiscountCalculator\ShoppingCardDiscountCalculator.csproj", "{CA5DA56A-4F18-49B9-9753-590B686D2A25}"
EndProject
Project("{2150E333-8FDC-42A3-9474-1A3956D46DE8}") = "Task2", "Task2", "{78050A6D-86CE-4839-B46A-7E94521D9FA7}"
EndProject
Project("{9A19103F-16F7-4668-BE54-9A1E7A4F7556}") = "BuilderPatternExample", "BuilderPattern\BuilderPatternExample.csproj", "{C5E639E6-2E2E-459F-9ED8-E55AAF85D33D}"
EndProject
Project("{2150E333-8FDC-42A3-9474-1A3956D46DE8}") = "Task3", "Task3", "{205E0486-0948-49DF-A758-857B7F425D3D}"
EndProject
Project("{9A19103F-16F7-4668-BE54-9A1E7A4F7556}") = "OrderBuilderExample", "OrderBuilderExample\OrderBuilderExample.csproj", "{442A1769-36CA-489E-A812-28E4A70546DF}"
EndProject
Project("{2150E333-8FDC-42A3-9474-1A3956D46DE8}") = "Assignment3", "Assignment3", "{E5143AAB-952E-4796-A6C6-34AA89575D71}"
EndProject
Project("{2150E333-8FDC-42A3-9474-1A3956D46DE8}") = "Task1", "Task1", "{16F520F6-D94F-41AE-9E8D-334440C85B2A}"
EndProject
Project("{9A19103F-16F7-4668-BE54-9A1E7A4F7556}") = "CustomCollectionExample", "CustomCollection\CustomCollectionExample.csproj", "{D628DF15-BF14-463F-9DD1-C26AD0A214EC}"
EndProject
Project("{2150E333-8FDC-42A3-9474-1A3956D46DE8}") = "Assignment4", "Assignment4", "{C79315ED-04E2-422A-A8DC-4A7B113E7633}"
EndProject
Project("{2150E333-8FDC-42A3-9474-1A3956D46DE8}") = "FileProcessingWithExceptionHandling", "FileProcessingWithExceptionHandling", "{614E345A-6D8F-42B4-BD2E-57DC096B1380}"
EndProject
Project("{2150E333-8FDC-42A3-9474-1A3956D46DE8}") = "IndexerForMatrix", "IndexerForMatrix", "{B35772C3-8EEB-4D92-BA6C-07E8968B5FBD}"
EndProject
Project("{9A19103F-16F7-4668-BE54-9A1E7A4F7556}") = "FileProcessing", "FileManagement\FileProcessing.csproj", "{88C47C93-2AE6-4853-9A2B-A9FD5BC36364}"
EndProject
Project("{9A19103F-16F7-4668-BE54-9A1E7A4F7556}") = "MatrixExample", "MatrixExample\MatrixExample.csproj", "{4E2D1957-7F74-417C-9FE5-6BE9C0579C2E}"
EndProject
Project("{9A19103F-16F7-4668-BE54-9A1E7A4F7556}") = "CustomTypeConversion", "CustomTypeConversion\CustomTypeConversion.csproj", "{903AA29F-D70D-4609-BA3E-1BC884546415}"
EndProject
Project("{2150E333-8FDC-42A3-9474-1A3956D46DE8}") = "Assignment5", "Assignment5", "{44021869-F3C4-46D6-82A9-F2021145FAA5}"
EndProject
Project("{9A19103F-16F7-4668-BE54-9A1E7A4F7556}") = "EmployeeManagementSystem", "EmployeeManagementSystem\EmployeeManagementSystem.csproj", "{0C8CAE9C-96C7-4949-8237-31F8C04C4746}"
EndProject
Project("{2150E333-8FDC-42A3-9474-1A3956D46DE8}") = "Assignment6", "Assignment6", "{6141584A-0003-4256-89F8-091B0E0C3BF0}"
EndProject
Project("{9A19103F-16F7-4668-BE54-9A1E7A4F7556}") = "AsyncConsoleTextFileEditor", "AsyncConsoleTextFileEditor\AsyncConsoleTextFileEditor.csproj", "{86C7E4A9-9B81-4ECC-9DED-011D594DF89D}"
EndProject
Project("{2150E333-8FDC-42A3-9474-1A3956D46DE8}") = "Assignment7", "Assignment7", "{FDEB1D94-C4F7-4AC5-BC2D-83EBAAC10372}"
EndProject
Project("{FAE04EC0-301F-11D3-BF4B-00C04F79EFBC}") = "XMLSerializeDeserialTool", "XMLSerializeDeserialTool\XMLSerializeDeserialTool.csproj", "{CB5C4342-E25D-486E-82CC-1B442E81D266}"
EndProject
Global
	GlobalSection(SolutionConfigurationPlatforms) = preSolution
		Debug|Any CPU = Debug|Any CPU
		Release|Any CPU = Release|Any CPU
	EndGlobalSection
	GlobalSection(ProjectConfigurationPlatforms) = postSolution
		{12E7E76C-1E4D-4641-A56B-8DDEFEC92E4C}.Debug|Any CPU.ActiveCfg = Debug|Any CPU
		{12E7E76C-1E4D-4641-A56B-8DDEFEC92E4C}.Debug|Any CPU.Build.0 = Debug|Any CPU
		{12E7E76C-1E4D-4641-A56B-8DDEFEC92E4C}.Release|Any CPU.ActiveCfg = Release|Any CPU
		{12E7E76C-1E4D-4641-A56B-8DDEFEC92E4C}.Release|Any CPU.Build.0 = Release|Any CPU
		{E0212242-7624-4A74-88DB-B4677668919F}.Debug|Any CPU.ActiveCfg = Debug|Any CPU
		{E0212242-7624-4A74-88DB-B4677668919F}.Debug|Any CPU.Build.0 = Debug|Any CPU
		{E0212242-7624-4A74-88DB-B4677668919F}.Release|Any CPU.ActiveCfg = Release|Any CPU
		{E0212242-7624-4A74-88DB-B4677668919F}.Release|Any CPU.Build.0 = Release|Any CPU
		{CA5DA56A-4F18-49B9-9753-590B686D2A25}.Debug|Any CPU.ActiveCfg = Debug|Any CPU
		{CA5DA56A-4F18-49B9-9753-590B686D2A25}.Debug|Any CPU.Build.0 = Debug|Any CPU
		{CA5DA56A-4F18-49B9-9753-590B686D2A25}.Release|Any CPU.ActiveCfg = Release|Any CPU
		{CA5DA56A-4F18-49B9-9753-590B686D2A25}.Release|Any CPU.Build.0 = Release|Any CPU
		{C5E639E6-2E2E-459F-9ED8-E55AAF85D33D}.Debug|Any CPU.ActiveCfg = Debug|Any CPU
		{C5E639E6-2E2E-459F-9ED8-E55AAF85D33D}.Debug|Any CPU.Build.0 = Debug|Any CPU
		{C5E639E6-2E2E-459F-9ED8-E55AAF85D33D}.Release|Any CPU.ActiveCfg = Release|Any CPU
		{C5E639E6-2E2E-459F-9ED8-E55AAF85D33D}.Release|Any CPU.Build.0 = Release|Any CPU
		{442A1769-36CA-489E-A812-28E4A70546DF}.Debug|Any CPU.ActiveCfg = Debug|Any CPU
		{442A1769-36CA-489E-A812-28E4A70546DF}.Debug|Any CPU.Build.0 = Debug|Any CPU
		{442A1769-36CA-489E-A812-28E4A70546DF}.Release|Any CPU.ActiveCfg = Release|Any CPU
		{442A1769-36CA-489E-A812-28E4A70546DF}.Release|Any CPU.Build.0 = Release|Any CPU
		{D628DF15-BF14-463F-9DD1-C26AD0A214EC}.Debug|Any CPU.ActiveCfg = Debug|Any CPU
		{D628DF15-BF14-463F-9DD1-C26AD0A214EC}.Debug|Any CPU.Build.0 = Debug|Any CPU
		{D628DF15-BF14-463F-9DD1-C26AD0A214EC}.Release|Any CPU.ActiveCfg = Release|Any CPU
		{D628DF15-BF14-463F-9DD1-C26AD0A214EC}.Release|Any CPU.Build.0 = Release|Any CPU
		{88C47C93-2AE6-4853-9A2B-A9FD5BC36364}.Debug|Any CPU.ActiveCfg = Debug|Any CPU
		{88C47C93-2AE6-4853-9A2B-A9FD5BC36364}.Debug|Any CPU.Build.0 = Debug|Any CPU
		{88C47C93-2AE6-4853-9A2B-A9FD5BC36364}.Release|Any CPU.ActiveCfg = Release|Any CPU
		{88C47C93-2AE6-4853-9A2B-A9FD5BC36364}.Release|Any CPU.Build.0 = Release|Any CPU
		{4E2D1957-7F74-417C-9FE5-6BE9C0579C2E}.Debug|Any CPU.ActiveCfg = Debug|Any CPU
		{4E2D1957-7F74-417C-9FE5-6BE9C0579C2E}.Debug|Any CPU.Build.0 = Debug|Any CPU
		{4E2D1957-7F74-417C-9FE5-6BE9C0579C2E}.Release|Any CPU.ActiveCfg = Release|Any CPU
		{4E2D1957-7F74-417C-9FE5-6BE9C0579C2E}.Release|Any CPU.Build.0 = Release|Any CPU
		{903AA29F-D70D-4609-BA3E-1BC884546415}.Debug|Any CPU.ActiveCfg = Debug|Any CPU
		{903AA29F-D70D-4609-BA3E-1BC884546415}.Debug|Any CPU.Build.0 = Debug|Any CPU
		{903AA29F-D70D-4609-BA3E-1BC884546415}.Release|Any CPU.ActiveCfg = Release|Any CPU
		{903AA29F-D70D-4609-BA3E-1BC884546415}.Release|Any CPU.Build.0 = Release|Any CPU
		{0C8CAE9C-96C7-4949-8237-31F8C04C4746}.Debug|Any CPU.ActiveCfg = Debug|Any CPU
		{0C8CAE9C-96C7-4949-8237-31F8C04C4746}.Debug|Any CPU.Build.0 = Debug|Any CPU
		{0C8CAE9C-96C7-4949-8237-31F8C04C4746}.Release|Any CPU.ActiveCfg = Release|Any CPU
		{0C8CAE9C-96C7-4949-8237-31F8C04C4746}.Release|Any CPU.Build.0 = Release|Any CPU
		{86C7E4A9-9B81-4ECC-9DED-011D594DF89D}.Debug|Any CPU.ActiveCfg = Debug|Any CPU
		{86C7E4A9-9B81-4ECC-9DED-011D594DF89D}.Debug|Any CPU.Build.0 = Debug|Any CPU
		{86C7E4A9-9B81-4ECC-9DED-011D594DF89D}.Release|Any CPU.ActiveCfg = Release|Any CPU
		{86C7E4A9-9B81-4ECC-9DED-011D594DF89D}.Release|Any CPU.Build.0 = Release|Any CPU
		{CB5C4342-E25D-486E-82CC-1B442E81D266}.Debug|Any CPU.ActiveCfg = Debug|Any CPU
		{CB5C4342-E25D-486E-82CC-1B442E81D266}.Debug|Any CPU.Build.0 = Debug|Any CPU
		{CB5C4342-E25D-486E-82CC-1B442E81D266}.Release|Any CPU.ActiveCfg = Release|Any CPU
		{CB5C4342-E25D-486E-82CC-1B442E81D266}.Release|Any CPU.Build.0 = Release|Any CPU
	EndGlobalSection
	GlobalSection(SolutionProperties) = preSolution
		HideSolutionNode = FALSE
	EndGlobalSection
	GlobalSection(NestedProjects) = preSolution
		{12E7E76C-1E4D-4641-A56B-8DDEFEC92E4C} = {E334B0AD-C78F-45E3-8A3B-DD430F8CCF52}
		{E0212242-7624-4A74-88DB-B4677668919F} = {AE89EDCB-90DC-4093-ACF9-3C6D73C5ED06}
		{891AA5E8-5F0D-4262-9FB5-8190317F9E21} = {1AD3EE25-8E96-4DDC-94DD-CF8C9C9AE9C0}
		{CA5DA56A-4F18-49B9-9753-590B686D2A25} = {891AA5E8-5F0D-4262-9FB5-8190317F9E21}
		{78050A6D-86CE-4839-B46A-7E94521D9FA7} = {1AD3EE25-8E96-4DDC-94DD-CF8C9C9AE9C0}
		{C5E639E6-2E2E-459F-9ED8-E55AAF85D33D} = {78050A6D-86CE-4839-B46A-7E94521D9FA7}
		{205E0486-0948-49DF-A758-857B7F425D3D} = {1AD3EE25-8E96-4DDC-94DD-CF8C9C9AE9C0}
		{442A1769-36CA-489E-A812-28E4A70546DF} = {205E0486-0948-49DF-A758-857B7F425D3D}
		{16F520F6-D94F-41AE-9E8D-334440C85B2A} = {E5143AAB-952E-4796-A6C6-34AA89575D71}
		{D628DF15-BF14-463F-9DD1-C26AD0A214EC} = {16F520F6-D94F-41AE-9E8D-334440C85B2A}
		{614E345A-6D8F-42B4-BD2E-57DC096B1380} = {C79315ED-04E2-422A-A8DC-4A7B113E7633}
		{B35772C3-8EEB-4D92-BA6C-07E8968B5FBD} = {C79315ED-04E2-422A-A8DC-4A7B113E7633}
		{88C47C93-2AE6-4853-9A2B-A9FD5BC36364} = {614E345A-6D8F-42B4-BD2E-57DC096B1380}
		{4E2D1957-7F74-417C-9FE5-6BE9C0579C2E} = {B35772C3-8EEB-4D92-BA6C-07E8968B5FBD}
		{903AA29F-D70D-4609-BA3E-1BC884546415} = {C79315ED-04E2-422A-A8DC-4A7B113E7633}
		{0C8CAE9C-96C7-4949-8237-31F8C04C4746} = {44021869-F3C4-46D6-82A9-F2021145FAA5}
		{86C7E4A9-9B81-4ECC-9DED-011D594DF89D} = {6141584A-0003-4256-89F8-091B0E0C3BF0}
		{CB5C4342-E25D-486E-82CC-1B442E81D266} = {FDEB1D94-C4F7-4AC5-BC2D-83EBAAC10372}
	EndGlobalSection
	GlobalSection(ExtensibilityGlobals) = postSolution
		SolutionGuid = {CFAC7832-C9FB-4043-9F86-88EA5169C1C4}
	EndGlobalSection
EndGlobal
